
Microsoft Visual Studio Solution File, Format Version 12.00
# Visual Studio Version 16
VisualStudioVersion = 16.0.31729.503
MinimumVisualStudioVersion = 10.0.40219.1
Project("{FAE04EC0-301F-11D3-BF4B-00C04F79EFBC}") = "AddressBookSystem", "AddressBookSystem\AddressBookSystem.csproj", "{0B4FE34C-6758-4E4F-9837-C229B48429DC}"
EndProject
Global
	GlobalSection(SolutionConfigurationPlatforms) = preSolution
		Debug|Any CPU = Debug|Any CPU
		Release|Any CPU = Release|Any CPU
	EndGlobalSection
	GlobalSection(ProjectConfigurationPlatforms) = postSolution
		{0B4FE34C-6758-4E4F-9837-C229B48429DC}.Debug|Any CPU.ActiveCfg = Debug|Any CPU
		{0B4FE34C-6758-4E4F-9837-C229B48429DC}.Debug|Any CPU.Build.0 = Debug|Any CPU
		{0B4FE34C-6758-4E4F-9837-C229B48429DC}.Release|Any CPU.ActiveCfg = Release|Any CPU
		{0B4FE34C-6758-4E4F-9837-C229B48429DC}.Release|Any CPU.Build.0 = Release|Any CPU
	EndGlobalSection
	GlobalSection(SolutionProperties) = preSolution
		HideSolutionNode = FALSE
	EndGlobalSection
	GlobalSection(ExtensibilityGlobals) = postSolution
		SolutionGuid = {5DF89C3A-9F31-413A-849A-99444357DA7C}
	EndGlobalSection
EndGlobal
